{
  "name": "-lodash",
  "version": "1.0.0",
  "lockfileVersion": 1,
  "requires": true,
  "dependencies": {
    "lodash": {
      "version": "4.17.21",
      "resolved": "https://registry.npmjs.org/lodash/-/lodash-4.17.21.tgz",
      "integrity": "sha512-v2kDEe57lecTulaDIuNTPy3Ry4gLGJ6Z1O3vE1krgXZNrsQ+LFTGHVxVjcXPs17LhbZVGedAJv8XZ1tvj5FvSg=="
    },
    "lodash.chunk": {
      "version": "4.2.0",
      "resolved": "https://registry.npm.taobao.org/lodash.chunk/download/lodash.chunk-4.2.0.tgz",
      "integrity": "sha1-ZuXOH3btJ7QwPYxlEujRIW6BBrw="
    },
    "lodash.compact": {
      "version": "3.0.1",
      "resolved": "https://registry.npm.taobao.org/lodash.compact/download/lodash.compact-3.0.1.tgz",
      "integrity": "sha1-VAzjg3dFl1gHRx4WtKK6IeclbKU="
    },
    "lodash.concat": {
      "version": "4.5.0",
      "resolved": "https://registry.npm.taobao.org/lodash.concat/download/lodash.concat-4.5.0.tgz",
      "integrity": "sha1-sFOuAuSoAIWC5yVrnQK9ptA4A5U="
    },
    "lodash.difference": {
      "version": "4.5.0",
      "resolved": "https://registry.npm.taobao.org/lodash.difference/download/lodash.difference-4.5.0.tgz",
      "integrity": "sha1-nMtOUF1Ia5FlE0V3KIWi3yf9AXw="
    },
    "lodash.isarray": {
      "version": "4.0.0",
      "resolved": "https://registry.npm.taobao.org/lodash.isarray/download/lodash.isarray-4.0.0.tgz",
      "integrity": "sha1-KspJayjEym1yZxUxNZDALm6jRAM="
    },
    "lodash.isobject": {
      "version": "3.0.2",
      "resolved": "https://registry.npm.taobao.org/lodash.isobject/download/lodash.isobject-3.0.2.tgz",
      "integrity": "sha1-PI+41bW/S/kK4G4U8qUwpO2TXh0="
    },
    "lodash.isplainobject": {
      "version": "4.0.6",
      "resolved": "https://registry.npm.taobao.org/lodash.isplainobject/download/lodash.isplainobject-4.0.6.tgz",
      "integrity": "sha1-fFJqUtibRcRcxpC4gWO+BJf1UMs="
    },
    "lodash.last": {
      "version": "3.0.0",
      "resolved": "https://registry.npm.taobao.org/lodash.last/download/lodash.last-3.0.0.tgz",
      "integrity": "sha1-JC9mMRLdTG5jcoxgo8kJ0b2tvUw="
    },
    "lodash.remove": {
      "version": "4.7.0",
      "resolved": "https://registry.npm.taobao.org/lodash.remove/download/lodash.remove-4.7.0.tgz",
      "integrity": "sha1-8x0x58OaBpDVB07A02JxYjNO5iY="
    },
    "lodash.sortedindex": {
      "version": "4.1.0",
      "resolved": "https://registry.npm.taobao.org/lodash.sortedindex/download/lodash.sortedindex-4.1.0.tgz",
      "integrity": "sha1-P2QX7iDosiQWqwBb+hY0SgRGtEg="
    },
    "lodash.sortedindexof": {
      "version": "4.1.0",
      "resolved": "https://registry.npm.taobao.org/lodash.sortedindexof/download/lodash.sortedindexof-4.1.0.tgz",
      "integrity": "sha1-e2YdL4b1Vmh3CALVa6qPAtZiDzw="
    },
    "lodash.sortedlastindexof": {
      "version": "4.1.0",
      "resolved": "https://registry.npm.taobao.org/lodash.sortedlastindexof/download/lodash.sortedlastindexof-4.1.0.tgz",
      "integrity": "sha1-Xw+fsH3ic2RXWl1fj/Oc9GqFOqY="
    },
    "lodash.sorteduniq": {
      "version": "4.2.0",
      "resolved": "https://registry.npm.taobao.org/lodash.sorteduniq/download/lodash.sorteduniq-4.2.0.tgz",
      "integrity": "sha1-Na8dfVxqwpICZf3e1tmIUGCP9fY="
    },
    "lodash.tail": {
      "version": "4.1.1",
      "resolved": "https://registry.npm.taobao.org/lodash.tail/download/lodash.tail-4.1.1.tgz",
      "integrity": "sha1-0jM6NtnncXyK0vfKyv7HwytERmQ="
    },
    "lodash.union": {
      "version": "4.6.0",
      "resolved": "https://registry.npm.taobao.org/lodash.union/download/lodash.union-4.6.0.tgz",
      "integrity": "sha1-SLtQiECfFvGCFmZkHETdGqrjzYg="
    },
    "lodash.uniq": {
      "version": "4.5.0",
      "resolved": "https://registry.npm.taobao.org/lodash.uniq/download/lodash.uniq-4.5.0.tgz",
      "integrity": "sha1-0CJTc662Uq3BvILklFM5qEJ1R3M="
    },
    "lodash.zip": {
      "version": "4.2.0",
      "resolved": "https://registry.npm.taobao.org/lodash.zip/download/lodash.zip-4.2.0.tgz",
      "integrity": "sha1-7GZi5IlkCO1KtsVCo5kLcswIACA="
    }
  }
}
